
Microsoft Visual Studio Solution File, Format Version 12.00
# Visual Studio Version 17
VisualStudioVersion = 17.3.32819.101
MinimumVisualStudioVersion = 10.0.40219.1
Project("{9A19103F-16F7-4668-BE54-9A1E7A4F7556}") = "Project.Api", "Project.Api\Project.Api.csproj", "{E657E84B-7812-4F0C-B48B-BAFE2ACB6CEC}"
EndProject
Project("{9A19103F-16F7-4668-BE54-9A1E7A4F7556}") = "Database", "Database\Database.csproj", "{C0CF4B14-E1CF-404D-B7E4-00C80E01CFF0}"
EndProject
Project("{9A19103F-16F7-4668-BE54-9A1E7A4F7556}") = "Repository", "Repository\Repository.csproj", "{2951E103-8EEA-47AC-BA4F-E7036CFC7709}"
EndProject
Project("{FAE04EC0-301F-11D3-BF4B-00C04F79EFBC}") = "ViewModels", "ViewModels\ViewModels.csproj", "{E093C2EB-F0C7-4BCF-A258-214DBE91DD5F}"
EndProject
Global
	GlobalSection(SolutionConfigurationPlatforms) = preSolution
		Debug|Any CPU = Debug|Any CPU
		Release|Any CPU = Release|Any CPU
	EndGlobalSection
	GlobalSection(ProjectConfigurationPlatforms) = postSolution
		{E657E84B-7812-4F0C-B48B-BAFE2ACB6CEC}.Debug|Any CPU.ActiveCfg = Debug|Any CPU
		{E657E84B-7812-4F0C-B48B-BAFE2ACB6CEC}.Debug|Any CPU.Build.0 = Debug|Any CPU
		{E657E84B-7812-4F0C-B48B-BAFE2ACB6CEC}.Release|Any CPU.ActiveCfg = Release|Any CPU
		{E657E84B-7812-4F0C-B48B-BAFE2ACB6CEC}.Release|Any CPU.Build.0 = Release|Any CPU
		{C0CF4B14-E1CF-404D-B7E4-00C80E01CFF0}.Debug|Any CPU.ActiveCfg = Debug|Any CPU
		{C0CF4B14-E1CF-404D-B7E4-00C80E01CFF0}.Debug|Any CPU.Build.0 = Debug|Any CPU
		{C0CF4B14-E1CF-404D-B7E4-00C80E01CFF0}.Release|Any CPU.ActiveCfg = Release|Any CPU
		{C0CF4B14-E1CF-404D-B7E4-00C80E01CFF0}.Release|Any CPU.Build.0 = Release|Any CPU
		{2951E103-8EEA-47AC-BA4F-E7036CFC7709}.Debug|Any CPU.ActiveCfg = Debug|Any CPU
		{2951E103-8EEA-47AC-BA4F-E7036CFC7709}.Debug|Any CPU.Build.0 = Debug|Any CPU
		{2951E103-8EEA-47AC-BA4F-E7036CFC7709}.Release|Any CPU.ActiveCfg = Release|Any CPU
		{2951E103-8EEA-47AC-BA4F-E7036CFC7709}.Release|Any CPU.Build.0 = Release|Any CPU
		{E093C2EB-F0C7-4BCF-A258-214DBE91DD5F}.Debug|Any CPU.ActiveCfg = Debug|Any CPU
		{E093C2EB-F0C7-4BCF-A258-214DBE91DD5F}.Debug|Any CPU.Build.0 = Debug|Any CPU
		{E093C2EB-F0C7-4BCF-A258-214DBE91DD5F}.Release|Any CPU.ActiveCfg = Release|Any CPU
		{E093C2EB-F0C7-4BCF-A258-214DBE91DD5F}.Release|Any CPU.Build.0 = Release|Any CPU
	EndGlobalSection
	GlobalSection(SolutionProperties) = preSolution
		HideSolutionNode = FALSE
	EndGlobalSection
	GlobalSection(ExtensibilityGlobals) = postSolution
		SolutionGuid = {B016A99E-D2CC-4263-A1D2-014227100C97}
	EndGlobalSection
EndGlobal
